
Microsoft Visual Studio Solution File, Format Version 12.00
# Visual Studio 15
VisualStudioVersion = 15.0.26730.16
MinimumVisualStudioVersion = 10.0.40219.1
Project("{FAE04EC0-301F-11D3-BF4B-00C04F79EFBC}") = "WebApplication1", "WebApplication1\WebApplication1.csproj", "{B6784DDB-B5B8-4314-8D40-E986DF0A3BE9}"
EndProject
Global
	GlobalSection(SolutionConfigurationPlatforms) = preSolution
		Debug|Any CPU = Debug|Any CPU
		Release|Any CPU = Release|Any CPU
	EndGlobalSection
	GlobalSection(ProjectConfigurationPlatforms) = postSolution
		{B6784DDB-B5B8-4314-8D40-E986DF0A3BE9}.Debug|Any CPU.ActiveCfg = Debug|Any CPU
		{B6784DDB-B5B8-4314-8D40-E986DF0A3BE9}.Debug|Any CPU.Build.0 = Debug|Any CPU
		{B6784DDB-B5B8-4314-8D40-E986DF0A3BE9}.Release|Any CPU.ActiveCfg = Release|Any CPU
		{B6784DDB-B5B8-4314-8D40-E986DF0A3BE9}.Release|Any CPU.Build.0 = Release|Any CPU
	EndGlobalSection
	GlobalSection(SolutionProperties) = preSolution
		HideSolutionNode = FALSE
	EndGlobalSection
	GlobalSection(ExtensibilityGlobals) = postSolution
		SolutionGuid = {F9B29F34-8B1A-4E7A-8C1F-FBEB5CB2C602}
	EndGlobalSection
	GlobalSection(TeamFoundationVersionControl) = preSolution
		SccNumberOfProjects = 2
		SccEnterpriseProvider = {4CA58AB2-18FA-4F8D-95D4-32DDF27D184C}
		SccTeamFoundationServer = https://dev.azure.com/hkumar99
		SccLocalPath0 = .
		SccProjectUniqueName1 = WebApplication1\\WebApplication1.csproj
		SccProjectName1 = WebApplication1
		SccLocalPath1 = WebApplication1
	EndGlobalSection
EndGlobal
